
Microsoft Visual Studio Solution File, Format Version 12.00
# Visual Studio Version 17
VisualStudioVersion = 17.1.32319.34
MinimumVisualStudioVersion = 10.0.40219.1
Project("{FAE04EC0-301F-11D3-BF4B-00C04F79EFBC}") = "WordMaster", "WordMaster\WordMaster.csproj", "{16424B78-29DC-4BC6-950F-BFF5C8A0482E}"
EndProject
Project("{FAE04EC0-301F-11D3-BF4B-00C04F79EFBC}") = "DataAccessLayer", "DataAccessLayer\DataAccessLayer.csproj", "{CD511D90-F841-4601-BD3A-F3E806F5225E}"
EndProject
Global
	GlobalSection(SolutionConfigurationPlatforms) = preSolution
		Debug|Any CPU = Debug|Any CPU
		Release|Any CPU = Release|Any CPU
	EndGlobalSection
	GlobalSection(ProjectConfigurationPlatforms) = postSolution
		{16424B78-29DC-4BC6-950F-BFF5C8A0482E}.Debug|Any CPU.ActiveCfg = Debug|Any CPU
		{16424B78-29DC-4BC6-950F-BFF5C8A0482E}.Debug|Any CPU.Build.0 = Debug|Any CPU
		{16424B78-29DC-4BC6-950F-BFF5C8A0482E}.Release|Any CPU.ActiveCfg = Release|Any CPU
		{16424B78-29DC-4BC6-950F-BFF5C8A0482E}.Release|Any CPU.Build.0 = Release|Any CPU
		{CD511D90-F841-4601-BD3A-F3E806F5225E}.Debug|Any CPU.ActiveCfg = Debug|Any CPU
		{CD511D90-F841-4601-BD3A-F3E806F5225E}.Debug|Any CPU.Build.0 = Debug|Any CPU
		{CD511D90-F841-4601-BD3A-F3E806F5225E}.Release|Any CPU.ActiveCfg = Release|Any CPU
		{CD511D90-F841-4601-BD3A-F3E806F5225E}.Release|Any CPU.Build.0 = Release|Any CPU
	EndGlobalSection
	GlobalSection(SolutionProperties) = preSolution
		HideSolutionNode = FALSE
	EndGlobalSection
	GlobalSection(ExtensibilityGlobals) = postSolution
		SolutionGuid = {045EB7DA-E10A-4B14-9873-3A2A36795BCF}
	EndGlobalSection
EndGlobal
